
Microsoft Visual Studio Solution File, Format Version 12.00
# Visual Studio Version 17
VisualStudioVersion = 17.6.33829.357
MinimumVisualStudioVersion = 10.0.40219.1
Project("{9A19103F-16F7-4668-BE54-9A1E7A4F7556}") = "ExactMath.ConsoleApp", "ExactMath.ConsoleApp\ExactMath.ConsoleApp.csproj", "{CEE53F8B-B002-43E1-82D6-DE41F291C9F7}"
EndProject
Project("{9A19103F-16F7-4668-BE54-9A1E7A4F7556}") = "ExactMath", "ExactMath\ExactMath.csproj", "{BBDEC6A0-3946-4705-8505-29F977A0E83A}"
EndProject
Global
	GlobalSection(SolutionConfigurationPlatforms) = preSolution
		Debug|Any CPU = Debug|Any CPU
		Release|Any CPU = Release|Any CPU
	EndGlobalSection
	GlobalSection(ProjectConfigurationPlatforms) = postSolution
		{CEE53F8B-B002-43E1-82D6-DE41F291C9F7}.Debug|Any CPU.ActiveCfg = Debug|Any CPU
		{CEE53F8B-B002-43E1-82D6-DE41F291C9F7}.Debug|Any CPU.Build.0 = Debug|Any CPU
		{CEE53F8B-B002-43E1-82D6-DE41F291C9F7}.Release|Any CPU.ActiveCfg = Release|Any CPU
		{CEE53F8B-B002-43E1-82D6-DE41F291C9F7}.Release|Any CPU.Build.0 = Release|Any CPU
		{BBDEC6A0-3946-4705-8505-29F977A0E83A}.Debug|Any CPU.ActiveCfg = Debug|Any CPU
		{BBDEC6A0-3946-4705-8505-29F977A0E83A}.Debug|Any CPU.Build.0 = Debug|Any CPU
		{BBDEC6A0-3946-4705-8505-29F977A0E83A}.Release|Any CPU.ActiveCfg = Release|Any CPU
		{BBDEC6A0-3946-4705-8505-29F977A0E83A}.Release|Any CPU.Build.0 = Release|Any CPU
	EndGlobalSection
	GlobalSection(SolutionProperties) = preSolution
		HideSolutionNode = FALSE
	EndGlobalSection
	GlobalSection(ExtensibilityGlobals) = postSolution
		SolutionGuid = {6AECD085-6AA5-403C-BBAD-8016EEFAD6D3}
	EndGlobalSection
EndGlobal
